
Microsoft Visual Studio Solution File, Format Version 12.00
# Visual Studio Version 17
VisualStudioVersion = 17.14.36518.9 d17.14
MinimumVisualStudioVersion = 10.0.40219.1
Project("{FAE04EC0-301F-11D3-BF4B-00C04F79EFBC}") = "LAB7", "LAB7\LAB7.csproj", "{3A440258-723D-4246-93C5-BB21DF8A8333}"
EndProject
Global
	GlobalSection(SolutionConfigurationPlatforms) = preSolution
		Debug|Any CPU = Debug|Any CPU
		Release|Any CPU = Release|Any CPU
	EndGlobalSection
	GlobalSection(ProjectConfigurationPlatforms) = postSolution
		{3A440258-723D-4246-93C5-BB21DF8A8333}.Debug|Any CPU.ActiveCfg = Debug|Any CPU
		{3A440258-723D-4246-93C5-BB21DF8A8333}.Debug|Any CPU.Build.0 = Debug|Any CPU
		{3A440258-723D-4246-93C5-BB21DF8A8333}.Release|Any CPU.ActiveCfg = Release|Any CPU
		{3A440258-723D-4246-93C5-BB21DF8A8333}.Release|Any CPU.Build.0 = Release|Any CPU
	EndGlobalSection
	GlobalSection(SolutionProperties) = preSolution
		HideSolutionNode = FALSE
	EndGlobalSection
	GlobalSection(ExtensibilityGlobals) = postSolution
		SolutionGuid = {CD0699F8-54AF-4771-8D81-E5F328E1E6A0}
	EndGlobalSection
EndGlobal
